
Microsoft Visual Studio Solution File, Format Version 10.00
# Visual C++ Express 2008
Project("{8BC9CEB8-8B4A-11D0-8D11-00A0C91BC942}") = "Injector", "Injector.vcproj", "{69F819F6-08DD-4BA1-AA01-18B759C21DF2}"
EndProject
Project("{8BC9CEB8-8B4A-11D0-8D11-00A0C91BC942}") = "InjectorDLL", "InjectorDLL\InjectorDLL.vcproj", "{D8F1F6F0-6C81-439D-8E2A-03BFCF4809A5}"
EndProject
Global
	GlobalSection(SolutionConfigurationPlatforms) = preSolution
		Debug|Win32 = Debug|Win32
		Release|Win32 = Release|Win32
	EndGlobalSection
	GlobalSection(ProjectConfigurationPlatforms) = postSolution
		{69F819F6-08DD-4BA1-AA01-18B759C21DF2}.Debug|Win32.ActiveCfg = Debug|Win32
		{69F819F6-08DD-4BA1-AA01-18B759C21DF2}.Debug|Win32.Build.0 = Debug|Win32
		{69F819F6-08DD-4BA1-AA01-18B759C21DF2}.Release|Win32.ActiveCfg = Release|Win32
		{69F819F6-08DD-4BA1-AA01-18B759C21DF2}.Release|Win32.Build.0 = Release|Win32
		{D8F1F6F0-6C81-439D-8E2A-03BFCF4809A5}.Debug|Win32.ActiveCfg = Debug|Win32
		{D8F1F6F0-6C81-439D-8E2A-03BFCF4809A5}.Debug|Win32.Build.0 = Debug|Win32
		{D8F1F6F0-6C81-439D-8E2A-03BFCF4809A5}.Release|Win32.ActiveCfg = Release|Win32
		{D8F1F6F0-6C81-439D-8E2A-03BFCF4809A5}.Release|Win32.Build.0 = Release|Win32
	EndGlobalSection
	GlobalSection(SolutionProperties) = preSolution
		HideSolutionNode = FALSE
	EndGlobalSection
EndGlobal
